{
	"name": "@pile-ui/alert",
	"version": "2.0.5-alpha.0",
	"lockfileVersion": 1,
	"requires": true,
	"dependencies": {
		"react-transition-group": {
			"version": "2.9.0",
			"resolved": "http://artifactory.intra.xiaojukeji.com:80/artifactory/api/npm/npm/react-transition-group/download/react-transition-group-2.9.0.tgz",
			"integrity": "sha1-35zbAleWIRFRpDbGmo87l7WwfI0=",
			"requires": {
				"dom-helpers": "3.4.0",
				"loose-envify": "1.4.0",
				"prop-types": "15.7.2",
				"react-lifecycles-compat": "3.0.4"
			},
			"dependencies": {
				"@babel/runtime": {
					"version": "7.4.3",
					"resolved": "http://artifactory.intra.xiaojukeji.com:80/artifactory/api/npm/npm/@babel/runtime/download/@babel/runtime-7.4.3.tgz",
					"integrity": "sha1-eYiORSA0IjrZYJGHoK0f4NKtS9w=",
					"requires": {
						"regenerator-runtime": "0.13.2"
					}
				},
				"dom-helpers": {
					"version": "3.4.0",
					"resolved": "http://artifactory.intra.xiaojukeji.com:80/artifactory/api/npm/npm/dom-helpers/download/dom-helpers-3.4.0.tgz",
					"integrity": "sha1-6bNpcA+Vn2Ls3lprq95LzNkWmvg=",
					"requires": {
						"@babel/runtime": "7.4.3"
					}
				},
				"js-tokens": {
					"version": "4.0.0",
					"resolved": "http://artifactory.intra.xiaojukeji.com:80/artifactory/api/npm/npm/js-tokens/download/js-tokens-4.0.0.tgz",
					"integrity": "sha1-GSA/tZmR35jjoocFDUZHzerzJJk="
				},
				"loose-envify": {
					"version": "1.4.0",
					"resolved": "http://artifactory.intra.xiaojukeji.com:80/artifactory/api/npm/npm/loose-envify/download/loose-envify-1.4.0.tgz",
					"integrity": "sha1-ce5R+nvkyuwaY4OffmgtgTLTDK8=",
					"requires": {
						"js-tokens": "4.0.0"
					}
				},
				"object-assign": {
					"version": "4.1.1",
					"resolved": "http://artifactory.intra.xiaojukeji.com:80/artifactory/api/npm/npm/object-assign/download/object-assign-4.1.1.tgz",
					"integrity": "sha1-IQmtx5ZYh8/AXLvUQsrIv7s2CGM="
				},
				"prop-types": {
					"version": "15.7.2",
					"resolved": "http://artifactory.intra.xiaojukeji.com:80/artifactory/api/npm/npm/prop-types/download/prop-types-15.7.2.tgz",
					"integrity": "sha1-UsQedbjIfnK52TYOAga5ncv/psU=",
					"requires": {
						"loose-envify": "1.4.0",
						"object-assign": "4.1.1",
						"react-is": "16.8.6"
					}
				},
				"react-is": {
					"version": "16.8.6",
					"resolved": "http://artifactory.intra.xiaojukeji.com:80/artifactory/api/npm/npm/react-is/download/react-is-16.8.6.tgz",
					"integrity": "sha1-W7weLSkUHJ+9/tRWND/ivEMKahY="
				},
				"react-lifecycles-compat": {
					"version": "3.0.4",
					"resolved": "http://artifactory.intra.xiaojukeji.com:80/artifactory/api/npm/npm/react-lifecycles-compat/download/react-lifecycles-compat-3.0.4.tgz",
					"integrity": "sha1-TxonOv38jzSIqMUWv9p4+HI1I2I="
				},
				"regenerator-runtime": {
					"version": "0.13.2",
					"resolved": "http://artifactory.intra.xiaojukeji.com:80/artifactory/api/npm/npm/regenerator-runtime/download/regenerator-runtime-0.13.2.tgz",
					"integrity": "sha1-MuWcmm+5saSv8JtJMMotRHc0NEc="
				}
			}
		}
	}
}
