{
  "name": "jimu-jekyll",
  "version": "1.0.0",
  "lockfileVersion": 1,
  "requires": true,
  "dependencies": {
    "emitter-b": {
      "version": "1.0.0",
      "resolved": "https://registry.npmjs.org/emitter-b/-/emitter-b-1.0.0.tgz",
      "integrity": "sha1-ioOZlKAksBsaqkvFCbcu70XjEfc=",
      "requires": {
        "proto": "1.0.19"
      }
    },
    "gem": {
      "version": "2.4.3",
      "resolved": "https://registry.npmjs.org/gem/-/gem-2.4.3.tgz",
      "integrity": "sha1-jZXcFaRxUct3+DcnRJ9eysyOMWU=",
      "requires": {
        "emitter-b": "1.0.0",
        "hashmap": "https://github.com/Tixit/hashmap/archive/c666bbe32a8d23bbafc96c5d8f18e385b1b00f27.tar.gz",
        "observe": "1.4.1",
        "proto": "1.0.19",
        "trimArguments": "https://github.com/fresheneesz/trimArguments/archive/c9c023c9ff1e0aec4b67370a80a92dacadcf8b11.tar.gz"
      }
    },
    "hashmap": {
      "version": "https://github.com/Tixit/hashmap/archive/c666bbe32a8d23bbafc96c5d8f18e385b1b00f27.tar.gz",
      "integrity": "sha512-VYmmBJ/KuQgX7flE0edHE7ke0PXIi/wbpcv+s7mrMkOJSoE/L/BNCWyODSWSznT5spxwInc4iymCa8VGisC3Ew=="
    },
    "jekyll": {
      "version": "3.0.0-beta1",
      "resolved": "https://registry.npmjs.org/jekyll/-/jekyll-3.0.0-beta1.tgz",
      "integrity": "sha1-MnSfAwBM/yF78pmI9uRCBgZHn/k="
    },
    "observe": {
      "version": "1.4.1",
      "resolved": "https://registry.npmjs.org/observe/-/observe-1.4.1.tgz",
      "integrity": "sha1-mDm5xQdvWlHntkYZfUdwrSBm5v4=",
      "requires": {
        "proto": "1.0.11"
      },
      "dependencies": {
        "proto": {
          "version": "1.0.11",
          "resolved": "https://registry.npmjs.org/proto/-/proto-1.0.11.tgz",
          "integrity": "sha1-u+67l5l1Fva2Ae31EVLK7G/QHIM="
        }
      }
    },
    "proto": {
      "version": "1.0.19",
      "resolved": "https://registry.npmjs.org/proto/-/proto-1.0.19.tgz",
      "integrity": "sha1-TbolCzQ5iuJC3iQVPnv52rL+Q4U="
    },
    "trimArguments": {
      "version": "https://github.com/fresheneesz/trimArguments/archive/c9c023c9ff1e0aec4b67370a80a92dacadcf8b11.tar.gz",
      "integrity": "sha512-SC6VIl5Lbma02frRD70cQg/IFW2czQrTiyhUqzCWUWxm80VxCR9i9HD0GkSe8gaGUlyc7YVhdMa6wccli1j/TA=="
    }
  }
}
